
Microsoft Visual Studio Solution File, Format Version 12.00
# Visual Studio Version 16
VisualStudioVersion = 16.0.28917.181
MinimumVisualStudioVersion = 10.0.40219.1
Project("{FAE04EC0-301F-11D3-BF4B-00C04F79EFBC}") = "Task1", "Task1\Task1.csproj", "{D75B7283-A815-4670-B773-1E76E2916684}"
EndProject
Global
	GlobalSection(SolutionConfigurationPlatforms) = preSolution
		Debug|Any CPU = Debug|Any CPU
		Release|Any CPU = Release|Any CPU
	EndGlobalSection
	GlobalSection(ProjectConfigurationPlatforms) = postSolution
		{D75B7283-A815-4670-B773-1E76E2916684}.Debug|Any CPU.ActiveCfg = Debug|Any CPU
		{D75B7283-A815-4670-B773-1E76E2916684}.Debug|Any CPU.Build.0 = Debug|Any CPU
		{D75B7283-A815-4670-B773-1E76E2916684}.Release|Any CPU.ActiveCfg = Release|Any CPU
		{D75B7283-A815-4670-B773-1E76E2916684}.Release|Any CPU.Build.0 = Release|Any CPU
	EndGlobalSection
	GlobalSection(SolutionProperties) = preSolution
		HideSolutionNode = FALSE
	EndGlobalSection
	GlobalSection(ExtensibilityGlobals) = postSolution
		SolutionGuid = {02EC50C1-3D88-4B86-88FC-B14802D02BC8}
	EndGlobalSection
EndGlobal
